// !$*UTF8*$!
{
	archiveVersion = 1;
	classes = {
	};
	objectVersion = 51;
	objects = {

/* Begin PBXBuildFile section */
		652075A481C6582DE480275B /* Pods_GemBetApp.framework in Frameworks */ = {isa = PBXBuildFile; fileRef = BFC17E865A64905FBD3EB2B8 /* Pods_GemBetApp.framework */; };
		CE2BD5692602362700E5554F /* GameViewController.swift in Sources */ = {isa = PBXBuildFile; fileRef = CE2BD5682602362700E5554F /* GameViewController.swift */; };
		CE2BD56C2602363900E5554F /* WebViewViewController.swift in Sources */ = {isa = PBXBuildFile; fileRef = CE2BD56B2602363900E5554F /* WebViewViewController.swift */; };
		CE888E4E26036A3D00599578 /* FBLogInViewController.swift in Sources */ = {isa = PBXBuildFile; fileRef = CE888E4D26036A3D00599578 /* FBLogInViewController.swift */; };
		CEAA393326011E0000C9C66A /* AppDelegate.swift in Sources */ = {isa = PBXBuildFile; fileRef = CEAA393226011E0000C9C66A /* AppDelegate.swift */; };
		CEAA393526011E0000C9C66A /* SceneDelegate.swift in Sources */ = {isa = PBXBuildFile; fileRef = CEAA393426011E0000C9C66A /* SceneDelegate.swift */; };
		CEAA393726011E0000C9C66A /* StartViewController.swift in Sources */ = {isa = PBXBuildFile; fileRef = CEAA393626011E0000C9C66A /* StartViewController.swift */; };
		CEAA393A26011E0000C9C66A /* Main.storyboard in Resources */ = {isa = PBXBuildFile; fileRef = CEAA393826011E0000C9C66A /* Main.storyboard */; };
		CEAA393C26011E0500C9C66A /* Assets.xcassets in Resources */ = {isa = PBXBuildFile; fileRef = CEAA393B26011E0500C9C66A /* Assets.xcassets */; };
		CEAA393F26011E0500C9C66A /* LaunchScreen.storyboard in Resources */ = {isa = PBXBuildFile; fileRef = CEAA393D26011E0500C9C66A /* LaunchScreen.storyboard */; };
		CEB9D6902609FF7300841BE8 /* Notifications.swift in Sources */ = {isa = PBXBuildFile; fileRef = CEB9D68F2609FF7300841BE8 /* Notifications.swift */; };
/* End PBXBuildFile section */

/* Begin PBXFileReference section */
		5999EDEF693E6B22D5A90EE2 /* Pods-GemBetApp.debug.xcconfig */ = {isa = PBXFileReference; includeInIndex = 1; lastKnownFileType = text.xcconfig; name = "Pods-GemBetApp.debug.xcconfig"; path = "Target Support Files/Pods-GemBetApp/Pods-GemBetApp.debug.xcconfig"; sourceTree = "<group>"; };
		BFC17E865A64905FBD3EB2B8 /* Pods_GemBetApp.framework */ = {isa = PBXFileReference; explicitFileType = wrapper.framework; includeInIndex = 0; path = Pods_GemBetApp.framework; sourceTree = BUILT_PRODUCTS_DIR; };
		CE2BD5682602362700E5554F /* GameViewController.swift */ = {isa = PBXFileReference; lastKnownFileType = sourcecode.swift; path = GameViewController.swift; sourceTree = "<group>"; };
		CE2BD56B2602363900E5554F /* WebViewViewController.swift */ = {isa = PBXFileReference; lastKnownFileType = sourcecode.swift; path = WebViewViewController.swift; sourceTree = "<group>"; };
		CE888E4D26036A3D00599578 /* FBLogInViewController.swift */ = {isa = PBXFileReference; lastKnownFileType = sourcecode.swift; path = FBLogInViewController.swift; sourceTree = "<group>"; };
		CEAA392F26011E0000C9C66A /* GemBetApp.app */ = {isa = PBXFileReference; explicitFileType = wrapper.application; includeInIndex = 0; path = GemBetApp.app; sourceTree = BUILT_PRODUCTS_DIR; };
		CEAA393226011E0000C9C66A /* AppDelegate.swift */ = {isa = PBXFileReference; lastKnownFileType = sourcecode.swift; path = AppDelegate.swift; sourceTree = "<group>"; };
		CEAA393426011E0000C9C66A /* SceneDelegate.swift */ = {isa = PBXFileReference; lastKnownFileType = sourcecode.swift; path = SceneDelegate.swift; sourceTree = "<group>"; };
		CEAA393626011E0000C9C66A /* StartViewController.swift */ = {isa = PBXFileReference; lastKnownFileType = sourcecode.swift; path = StartViewController.swift; sourceTree = "<group>"; };
		CEAA393926011E0000C9C66A /* Base */ = {isa = PBXFileReference; lastKnownFileType = file.storyboard; name = Base; path = Base.lproj/Main.storyboard; sourceTree = "<group>"; };
		CEAA393B26011E0500C9C66A /* Assets.xcassets */ = {isa = PBXFileReference; lastKnownFileType = folder.assetcatalog; path = Assets.xcassets; sourceTree = "<group>"; };
		CEAA393E26011E0500C9C66A /* Base */ = {isa = PBXFileReference; lastKnownFileType = file.storyboard; name = Base; path = Base.lproj/LaunchScreen.storyboard; sourceTree = "<group>"; };
		CEAA394026011E0500C9C66A /* Info.plist */ = {isa = PBXFileReference; lastKnownFileType = text.plist.xml; path = Info.plist; sourceTree = "<group>"; };
		CEB9D68F2609FF7300841BE8 /* Notifications.swift */ = {isa = PBXFileReference; lastKnownFileType = sourcecode.swift; path = Notifications.swift; sourceTree = "<group>"; };
		E955E848FC8DE19B6E86E54B /* Pods-GemBetApp.release.xcconfig */ = {isa = PBXFileReference; includeInIndex = 1; lastKnownFileType = text.xcconfig; name = "Pods-GemBetApp.release.xcconfig"; path = "Target Support Files/Pods-GemBetApp/Pods-GemBetApp.release.xcconfig"; sourceTree = "<group>"; };
/* End PBXFileReference section */

/* Begin PBXFrameworksBuildPhase section */
		CEAA392C26011E0000C9C66A /* Frameworks */ = {
			isa = PBXFrameworksBuildPhase;
			buildActionMask = 2147483647;
			files = (
				652075A481C6582DE480275B /* Pods_GemBetApp.framework in Frameworks */,
			);
			runOnlyForDeploymentPostprocessing = 0;
		};
/* End PBXFrameworksBuildPhase section */

/* Begin PBXGroup section */
		0A9E3E6298B761F4A9E53D1A /* Frameworks */ = {
			isa = PBXGroup;
			children = (
				BFC17E865A64905FBD3EB2B8 /* Pods_GemBetApp.framework */,
			);
			name = Frameworks;
			sourceTree = "<group>";
		};
		413BD0F97CD2F72E24FA5A38 /* Pods */ = {
			isa = PBXGroup;
			children = (
				5999EDEF693E6B22D5A90EE2 /* Pods-GemBetApp.debug.xcconfig */,
				E955E848FC8DE19B6E86E54B /* Pods-GemBetApp.release.xcconfig */,
			);
			path = Pods;
			sourceTree = "<group>";
		};
		CEAA392626011E0000C9C66A = {
			isa = PBXGroup;
			children = (
				CEAA393126011E0000C9C66A /* GemBetApp */,
				CEAA393026011E0000C9C66A /* Products */,
				413BD0F97CD2F72E24FA5A38 /* Pods */,
				0A9E3E6298B761F4A9E53D1A /* Frameworks */,
			);
			sourceTree = "<group>";
		};
		CEAA393026011E0000C9C66A /* Products */ = {
			isa = PBXGroup;
			children = (
				CEAA392F26011E0000C9C66A /* GemBetApp.app */,
			);
			name = Products;
			sourceTree = "<group>";
		};
		CEAA393126011E0000C9C66A /* GemBetApp */ = {
			isa = PBXGroup;
			children = (
				CEAA393226011E0000C9C66A /* AppDelegate.swift */,
				CEB9D68F2609FF7300841BE8 /* Notifications.swift */,
				CEAA393426011E0000C9C66A /* SceneDelegate.swift */,
				CEAA393626011E0000C9C66A /* StartViewController.swift */,
				CE2BD5682602362700E5554F /* GameViewController.swift */,
				CE2BD56B2602363900E5554F /* WebViewViewController.swift */,
				CEAA393826011E0000C9C66A /* Main.storyboard */,
				CE888E4D26036A3D00599578 /* FBLogInViewController.swift */,
				CEAA393B26011E0500C9C66A /* Assets.xcassets */,
				CEAA393D26011E0500C9C66A /* LaunchScreen.storyboard */,
				CEAA394026011E0500C9C66A /* Info.plist */,
			);
			path = GemBetApp;
			sourceTree = "<group>";
		};
/* End PBXGroup section */

/* Begin PBXNativeTarget section */
		CEAA392E26011E0000C9C66A /* GemBetApp */ = {
			isa = PBXNativeTarget;
			buildConfigurationList = CEAA394326011E0500C9C66A /* Build configuration list for PBXNativeTarget "GemBetApp" */;
			buildPhases = (
				32F1A9226357B66EF8A6E9F7 /* [CP] Check Pods Manifest.lock */,
				CEAA392B26011E0000C9C66A /* Sources */,
				CEAA392C26011E0000C9C66A /* Frameworks */,
				CEAA392D26011E0000C9C66A /* Resources */,
				E3A4597DF1D45E70142986E8 /* [CP] Embed Pods Frameworks */,
			);
			buildRules = (
			);
			dependencies = (
			);
			name = GemBetApp;
			productName = GemBetApp;
			productReference = CEAA392F26011E0000C9C66A /* GemBetApp.app */;
			productType = "com.apple.product-type.application";
		};
/* End PBXNativeTarget section */

/* Begin PBXProject section */
		CEAA392726011E0000C9C66A /* Project object */ = {
			isa = PBXProject;
			attributes = {
				LastSwiftUpdateCheck = 1230;
				LastUpgradeCheck = 1230;
				TargetAttributes = {
					CEAA392E26011E0000C9C66A = {
						CreatedOnToolsVersion = 12.3;
					};
				};
			};
			buildConfigurationList = CEAA392A26011E0000C9C66A /* Build configuration list for PBXProject "GemBetApp" */;
			compatibilityVersion = "Xcode 9.3";
			developmentRegion = en;
			hasScannedForEncodings = 0;
			knownRegions = (
				en,
				Base,
			);
			mainGroup = CEAA392626011E0000C9C66A;
			productRefGroup = CEAA393026011E0000C9C66A /* Products */;
			projectDirPath = "";
			projectRoot = "";
			targets = (
				CEAA392E26011E0000C9C66A /* GemBetApp */,
			);
		};
/* End PBXProject section */

/* Begin PBXResourcesBuildPhase section */
		CEAA392D26011E0000C9C66A /* Resources */ = {
			isa = PBXResourcesBuildPhase;
			buildActionMask = 2147483647;
			files = (
				CEAA393F26011E0500C9C66A /* LaunchScreen.storyboard in Resources */,
				CEAA393C26011E0500C9C66A /* Assets.xcassets in Resources */,
				CEAA393A26011E0000C9C66A /* Main.storyboard in Resources */,
			);
			runOnlyForDeploymentPostprocessing = 0;
		};
/* End PBXResourcesBuildPhase section */

/* Begin PBXShellScriptBuildPhase section */
		32F1A9226357B66EF8A6E9F7 /* [CP] Check Pods Manifest.lock */ = {
			isa = PBXShellScriptBuildPhase;
			buildActionMask = 2147483647;
			files = (
			);
			inputFileListPaths = (
			);
			inputPaths = (
				"${PODS_PODFILE_DIR_PATH}/Podfile.lock",
				"${PODS_ROOT}/Manifest.lock",
			);
			name = "[CP] Check Pods Manifest.lock";
			outputFileListPaths = (
			);
			outputPaths = (
				"$(DERIVED_FILE_DIR)/Pods-GemBetApp-checkManifestLockResult.txt",
			);
			runOnlyForDeploymentPostprocessing = 0;
			shellPath = /bin/sh;
			shellScript = "diff \"${PODS_PODFILE_DIR_PATH}/Podfile.lock\" \"${PODS_ROOT}/Manifest.lock\" > /dev/null\nif [ $? != 0 ] ; then\n    # print error to STDERR\n    echo \"error: The sandbox is not in sync with the Podfile.lock. Run 'pod install' or update your CocoaPods installation.\" >&2\n    exit 1\nfi\n# This output is used by Xcode 'outputs' to avoid re-running this script phase.\necho \"SUCCESS\" > \"${SCRIPT_OUTPUT_FILE_0}\"\n";
			showEnvVarsInLog = 0;
		};
		E3A4597DF1D45E70142986E8 /* [CP] Embed Pods Frameworks */ = {
			isa = PBXShellScriptBuildPhase;
			buildActionMask = 2147483647;
			files = (
			);
			inputFileListPaths = (
				"${PODS_ROOT}/Target Support Files/Pods-GemBetApp/Pods-GemBetApp-frameworks-${CONFIGURATION}-input-files.xcfilelist",
			);
			name = "[CP] Embed Pods Frameworks";
			outputFileListPaths = (
				"${PODS_ROOT}/Target Support Files/Pods-GemBetApp/Pods-GemBetApp-frameworks-${CONFIGURATION}-output-files.xcfilelist",
			);
			runOnlyForDeploymentPostprocessing = 0;
			shellPath = /bin/sh;
			shellScript = "\"${PODS_ROOT}/Target Support Files/Pods-GemBetApp/Pods-GemBetApp-frameworks.sh\"\n";
			showEnvVarsInLog = 0;
		};
/* End PBXShellScriptBuildPhase section */

/* Begin PBXSourcesBuildPhase section */
		CEAA392B26011E0000C9C66A /* Sources */ = {
			isa = PBXSourcesBuildPhase;
			buildActionMask = 2147483647;
			files = (
				CE2BD56C2602363900E5554F /* WebViewViewController.swift in Sources */,
				CEB9D6902609FF7300841BE8 /* Notifications.swift in Sources */,
				CE2BD5692602362700E5554F /* GameViewController.swift in Sources */,
				CE888E4E26036A3D00599578 /* FBLogInViewController.swift in Sources */,
				CEAA393726011E0000C9C66A /* StartViewController.swift in Sources */,
				CEAA393326011E0000C9C66A /* AppDelegate.swift in Sources */,
				CEAA393526011E0000C9C66A /* SceneDelegate.swift in Sources */,
			);
			runOnlyForDeploymentPostprocessing = 0;
		};
/* End PBXSourcesBuildPhase section */

/* Begin PBXVariantGroup section */
		CEAA393826011E0000C9C66A /* Main.storyboard */ = {
			isa = PBXVariantGroup;
			children = (
				CEAA393926011E0000C9C66A /* Base */,
			);
			name = Main.storyboard;
			sourceTree = "<group>";
		};
		CEAA393D26011E0500C9C66A /* LaunchScreen.storyboard */ = {
			isa = PBXVariantGroup;
			children = (
				CEAA393E26011E0500C9C66A /* Base */,
			);
			name = LaunchScreen.storyboard;
			sourceTree = "<group>";
		};
/* End PBXVariantGroup section */

/* Begin XCBuildConfiguration section */
		CEAA394126011E0500C9C66A /* Debug */ = {
			isa = XCBuildConfiguration;
			buildSettings = {
				ALWAYS_SEARCH_USER_PATHS = NO;
				CLANG_ANALYZER_NONNULL = YES;
				CLANG_ANALYZER_NUMBER_OBJECT_CONVERSION = YES_AGGRESSIVE;
				CLANG_CXX_LANGUAGE_STANDARD = "gnu++14";
				CLANG_CXX_LIBRARY = "libc++";
				CLANG_ENABLE_MODULES = YES;
				CLANG_ENABLE_OBJC_ARC = YES;
				CLANG_ENABLE_OBJC_WEAK = YES;
				CLANG_WARN_BLOCK_CAPTURE_AUTORELEASING = YES;
				CLANG_WARN_BOOL_CONVERSION = YES;
				CLANG_WARN_COMMA = YES;
				CLANG_WARN_CONSTANT_CONVERSION = YES;
				CLANG_WARN_DEPRECATED_OBJC_IMPLEMENTATIONS = YES;
				CLANG_WARN_DIRECT_OBJC_ISA_USAGE = YES_ERROR;
				CLANG_WARN_DOCUMENTATION_COMMENTS = YES;
				CLANG_WARN_EMPTY_BODY = YES;
				CLANG_WARN_ENUM_CONVERSION = YES;
				CLANG_WARN_INFINITE_RECURSION = YES;
				CLANG_WARN_INT_CONVERSION = YES;
				CLANG_WARN_NON_LITERAL_NULL_CONVERSION = YES;
				CLANG_WARN_OBJC_IMPLICIT_RETAIN_SELF = YES;
				CLANG_WARN_OBJC_LITERAL_CONVERSION = YES;
				CLANG_WARN_OBJC_ROOT_CLASS = YES_ERROR;
				CLANG_WARN_QUOTED_INCLUDE_IN_FRAMEWORK_HEADER = YES;
				CLANG_WARN_RANGE_LOOP_ANALYSIS = YES;
				CLANG_WARN_STRICT_PROTOTYPES = YES;
				CLANG_WARN_SUSPICIOUS_MOVE = YES;
				CLANG_WARN_UNGUARDED_AVAILABILITY = YES_AGGRESSIVE;
				CLANG_WARN_UNREACHABLE_CODE = YES;
				CLANG_WARN__DUPLICATE_METHOD_MATCH = YES;
				COPY_PHASE_STRIP = NO;
				DEBUG_INFORMATION_FORMAT = dwarf;
				ENABLE_STRICT_OBJC_MSGSEND = YES;
				ENABLE_TESTABILITY = YES;
				GCC_C_LANGUAGE_STANDARD = gnu11;
				GCC_DYNAMIC_NO_PIC = NO;
				GCC_NO_COMMON_BLOCKS = YES;
				GCC_OPTIMIZATION_LEVEL = 0;
				GCC_PREPROCESSOR_DEFINITIONS = (
					"DEBUG=1",
					"$(inherited)",
				);
				GCC_WARN_64_TO_32_BIT_CONVERSION = YES;
				GCC_WARN_ABOUT_RETURN_TYPE = YES_ERROR;
				GCC_WARN_UNDECLARED_SELECTOR = YES;
				GCC_WARN_UNINITIALIZED_AUTOS = YES_AGGRESSIVE;
				GCC_WARN_UNUSED_FUNCTION = YES;
				GCC_WARN_UNUSED_VARIABLE = YES;
				IPHONEOS_DEPLOYMENT_TARGET = 14.3;
				MTL_ENABLE_DEBUG_INFO = INCLUDE_SOURCE;
				MTL_FAST_MATH = YES;
				ONLY_ACTIVE_ARCH = YES;
				SDKROOT = iphoneos;
				SWIFT_ACTIVE_COMPILATION_CONDITIONS = DEBUG;
				SWIFT_OPTIMIZATION_LEVEL = "-Onone";
			};
			name = Debug;
		};
		CEAA394226011E0500C9C66A /* Release */ = {
			isa = XCBuildConfiguration;
			buildSettings = {
				ALWAYS_SEARCH_USER_PATHS = NO;
				CLANG_ANALYZER_NONNULL = YES;
				CLANG_ANALYZER_NUMBER_OBJECT_CONVERSION = YES_AGGRESSIVE;
				CLANG_CXX_LANGUAGE_STANDARD = "gnu++14";
				CLANG_CXX_LIBRARY = "libc++";
				CLANG_ENABLE_MODULES = YES;
				CLANG_ENABLE_OBJC_ARC = YES;
				CLANG_ENABLE_OBJC_WEAK = YES;
				CLANG_WARN_BLOCK_CAPTURE_AUTORELEASING = YES;
				CLANG_WARN_BOOL_CONVERSION = YES;
				CLANG_WARN_COMMA = YES;
				CLANG_WARN_CONSTANT_CONVERSION = YES;
				CLANG_WARN_DEPRECATED_OBJC_IMPLEMENTATIONS = YES;
				CLANG_WARN_DIRECT_OBJC_ISA_USAGE = YES_ERROR;
				CLANG_WARN_DOCUMENTATION_COMMENTS = YES;
				CLANG_WARN_EMPTY_BODY = YES;
				CLANG_WARN_ENUM_CONVERSION = YES;
				CLANG_WARN_INFINITE_RECURSION = YES;
				CLANG_WARN_INT_CONVERSION = YES;
				CLANG_WARN_NON_LITERAL_NULL_CONVERSION = YES;
				CLANG_WARN_OBJC_IMPLICIT_RETAIN_SELF = YES;
				CLANG_WARN_OBJC_LITERAL_CONVERSION = YES;
				CLANG_WARN_OBJC_ROOT_CLASS = YES_ERROR;
				CLANG_WARN_QUOTED_INCLUDE_IN_FRAMEWORK_HEADER = YES;
				CLANG_WARN_RANGE_LOOP_ANALYSIS = YES;
				CLANG_WARN_STRICT_PROTOTYPES = YES;
				CLANG_WARN_SUSPICIOUS_MOVE = YES;
				CLANG_WARN_UNGUARDED_AVAILABILITY = YES_AGGRESSIVE;
				CLANG_WARN_UNREACHABLE_CODE = YES;
				CLANG_WARN__DUPLICATE_METHOD_MATCH = YES;
				COPY_PHASE_STRIP = NO;
				DEBUG_INFORMATION_FORMAT = "dwarf-with-dsym";
				ENABLE_NS_ASSERTIONS = NO;
				ENABLE_STRICT_OBJC_MSGSEND = YES;
				GCC_C_LANGUAGE_STANDARD = gnu11;
				GCC_NO_COMMON_BLOCKS = YES;
				GCC_WARN_64_TO_32_BIT_CONVERSION = YES;
				GCC_WARN_ABOUT_RETURN_TYPE = YES_ERROR;
				GCC_WARN_UNDECLARED_SELECTOR = YES;
				GCC_WARN_UNINITIALIZED_AUTOS = YES_AGGRESSIVE;
				GCC_WARN_UNUSED_FUNCTION = YES;
				GCC_WARN_UNUSED_VARIABLE = YES;
				IPHONEOS_DEPLOYMENT_TARGET = 14.3;
				MTL_ENABLE_DEBUG_INFO = NO;
				MTL_FAST_MATH = YES;
				SDKROOT = iphoneos;
				SWIFT_COMPILATION_MODE = wholemodule;
				SWIFT_OPTIMIZATION_LEVEL = "-O";
				VALIDATE_PRODUCT = YES;
			};
			name = Release;
		};
		CEAA394426011E0500C9C66A /* Debug */ = {
			isa = XCBuildConfiguration;
			baseConfigurationReference = 5999EDEF693E6B22D5A90EE2 /* Pods-GemBetApp.debug.xcconfig */;
			buildSettings = {
				ASSETCATALOG_COMPILER_APPICON_NAME = AppIcon;
				ASSETCATALOG_COMPILER_GLOBAL_ACCENT_COLOR_NAME = AccentColor;
				CODE_SIGN_STYLE = Automatic;
				DEVELOPMENT_TEAM = F7HMZCVKND;
				INFOPLIST_FILE = GemBetApp/Info.plist;
				LD_RUNPATH_SEARCH_PATHS = (
					"$(inherited)",
					"@executable_path/Frameworks",
				);
				PRODUCT_BUNDLE_IDENTIFIER = com.vladveretennikov.GemBetApp;
				PRODUCT_NAME = "$(TARGET_NAME)";
				SWIFT_VERSION = 5.0;
				TARGETED_DEVICE_FAMILY = "1,2";
			};
			name = Debug;
		};
		CEAA394526011E0500C9C66A /* Release */ = {
			isa = XCBuildConfiguration;
			baseConfigurationReference = E955E848FC8DE19B6E86E54B /* Pods-GemBetApp.release.xcconfig */;
			buildSettings = {
				ASSETCATALOG_COMPILER_APPICON_NAME = AppIcon;
				ASSETCATALOG_COMPILER_GLOBAL_ACCENT_COLOR_NAME = AccentColor;
				CODE_SIGN_STYLE = Automatic;
				DEVELOPMENT_TEAM = F7HMZCVKND;
				INFOPLIST_FILE = GemBetApp/Info.plist;
				LD_RUNPATH_SEARCH_PATHS = (
					"$(inherited)",
					"@executable_path/Frameworks",
				);
				PRODUCT_BUNDLE_IDENTIFIER = com.vladveretennikov.GemBetApp;
				PRODUCT_NAME = "$(TARGET_NAME)";
				SWIFT_VERSION = 5.0;
				TARGETED_DEVICE_FAMILY = "1,2";
			};
			name = Release;
		};
/* End XCBuildConfiguration section */

/* Begin XCConfigurationList section */
		CEAA392A26011E0000C9C66A /* Build configuration list for PBXProject "GemBetApp" */ = {
			isa = XCConfigurationList;
			buildConfigurations = (
				CEAA394126011E0500C9C66A /* Debug */,
				CEAA394226011E0500C9C66A /* Release */,
			);
			defaultConfigurationIsVisible = 0;
			defaultConfigurationName = Release;
		};
		CEAA394326011E0500C9C66A /* Build configuration list for PBXNativeTarget "GemBetApp" */ = {
			isa = XCConfigurationList;
			buildConfigurations = (
				CEAA394426011E0500C9C66A /* Debug */,
				CEAA394526011E0500C9C66A /* Release */,
			);
			defaultConfigurationIsVisible = 0;
			defaultConfigurationName = Release;
		};
/* End XCConfigurationList section */
	};
	rootObject = CEAA392726011E0000C9C66A /* Project object */;
}
